
Microsoft Visual Studio Solution File, Format Version 12.00
# Visual Studio Version 17
VisualStudioVersion = 17.8.34330.188
MinimumVisualStudioVersion = 10.0.40219.1
Project("{FAE04EC0-301F-11D3-BF4B-00C04F79EFBC}") = "S3FileManager", "S3FileManager\S3FileManager.csproj", "{98EE45A9-36D5-4E6D-8858-2340D6435DA1}"
EndProject
Project("{FAE04EC0-301F-11D3-BF4B-00C04F79EFBC}") = "AWS3", "AWS3\AWS3.csproj", "{B96DDFB5-8665-4428-97C9-F263FB79DA16}"
EndProject
Global
	GlobalSection(SolutionConfigurationPlatforms) = preSolution
		Debug|Any CPU = Debug|Any CPU
		Release|Any CPU = Release|Any CPU
	EndGlobalSection
	GlobalSection(ProjectConfigurationPlatforms) = postSolution
		{98EE45A9-36D5-4E6D-8858-2340D6435DA1}.Debug|Any CPU.ActiveCfg = Debug|Any CPU
		{98EE45A9-36D5-4E6D-8858-2340D6435DA1}.Debug|Any CPU.Build.0 = Debug|Any CPU
		{98EE45A9-36D5-4E6D-8858-2340D6435DA1}.Release|Any CPU.ActiveCfg = Release|Any CPU
		{98EE45A9-36D5-4E6D-8858-2340D6435DA1}.Release|Any CPU.Build.0 = Release|Any CPU
		{B96DDFB5-8665-4428-97C9-F263FB79DA16}.Debug|Any CPU.ActiveCfg = Debug|Any CPU
		{B96DDFB5-8665-4428-97C9-F263FB79DA16}.Debug|Any CPU.Build.0 = Debug|Any CPU
		{B96DDFB5-8665-4428-97C9-F263FB79DA16}.Release|Any CPU.ActiveCfg = Release|Any CPU
		{B96DDFB5-8665-4428-97C9-F263FB79DA16}.Release|Any CPU.Build.0 = Release|Any CPU
	EndGlobalSection
	GlobalSection(SolutionProperties) = preSolution
		HideSolutionNode = FALSE
	EndGlobalSection
	GlobalSection(ExtensibilityGlobals) = postSolution
		SolutionGuid = {BB139A92-CBCE-476D-A737-D06787B2E301}
	EndGlobalSection
EndGlobal
